
Microsoft Visual Studio Solution File, Format Version 12.00
# Visual Studio Version 17
VisualStudioVersion = 17.7.34221.43
MinimumVisualStudioVersion = 10.0.40219.1
Project("{FAE04EC0-301F-11D3-BF4B-00C04F79EFBC}") = "BubbleSortingProject", "BubbleSortingProject\BubbleSortingProject.csproj", "{97090CC9-C346-46E6-9FD8-4C1A9FBE5ED6}"
EndProject
Global
	GlobalSection(SolutionConfigurationPlatforms) = preSolution
		Debug|Any CPU = Debug|Any CPU
		Release|Any CPU = Release|Any CPU
	EndGlobalSection
	GlobalSection(ProjectConfigurationPlatforms) = postSolution
		{97090CC9-C346-46E6-9FD8-4C1A9FBE5ED6}.Debug|Any CPU.ActiveCfg = Debug|Any CPU
		{97090CC9-C346-46E6-9FD8-4C1A9FBE5ED6}.Debug|Any CPU.Build.0 = Debug|Any CPU
		{97090CC9-C346-46E6-9FD8-4C1A9FBE5ED6}.Release|Any CPU.ActiveCfg = Release|Any CPU
		{97090CC9-C346-46E6-9FD8-4C1A9FBE5ED6}.Release|Any CPU.Build.0 = Release|Any CPU
	EndGlobalSection
	GlobalSection(SolutionProperties) = preSolution
		HideSolutionNode = FALSE
	EndGlobalSection
	GlobalSection(ExtensibilityGlobals) = postSolution
		SolutionGuid = {39BF70B0-6982-4FB0-BF22-1395B50A942A}
	EndGlobalSection
EndGlobal
